
Microsoft Visual Studio Solution File, Format Version 12.00
# Visual Studio Version 16
VisualStudioVersion = 16.0.32228.343
MinimumVisualStudioVersion = 10.0.40219.1
Project("{FAE04EC0-301F-11D3-BF4B-00C04F79EFBC}") = "LODapp.Android", "LODapp.Android\LODapp.Android.csproj", "{F24C4E6C-66FE-4D88-B284-188B58FF8780}"
EndProject
Project("{FAE04EC0-301F-11D3-BF4B-00C04F79EFBC}") = "LODapp.iOS", "LODapp.iOS\LODapp.iOS.csproj", "{A66B6981-7FBC-479E-A363-5E8ED05FC5EC}"
EndProject
Project("{FAE04EC0-301F-11D3-BF4B-00C04F79EFBC}") = "LODapp", "LODapp\LODapp.csproj", "{F469C749-1AFC-4827-8923-45456A70EE18}"
EndProject
Global
	GlobalSection(SolutionConfigurationPlatforms) = preSolution
		Debug|Any CPU = Debug|Any CPU
		Debug|iPhone = Debug|iPhone
		Debug|iPhoneSimulator = Debug|iPhoneSimulator
		Release|Any CPU = Release|Any CPU
		Release|iPhone = Release|iPhone
		Release|iPhoneSimulator = Release|iPhoneSimulator
	EndGlobalSection
	GlobalSection(ProjectConfigurationPlatforms) = postSolution
		{F24C4E6C-66FE-4D88-B284-188B58FF8780}.Debug|Any CPU.ActiveCfg = Debug|Any CPU
		{F24C4E6C-66FE-4D88-B284-188B58FF8780}.Debug|Any CPU.Build.0 = Debug|Any CPU
		{F24C4E6C-66FE-4D88-B284-188B58FF8780}.Debug|Any CPU.Deploy.0 = Debug|Any CPU
		{F24C4E6C-66FE-4D88-B284-188B58FF8780}.Debug|iPhone.ActiveCfg = Debug|Any CPU
		{F24C4E6C-66FE-4D88-B284-188B58FF8780}.Debug|iPhone.Build.0 = Debug|Any CPU
		{F24C4E6C-66FE-4D88-B284-188B58FF8780}.Debug|iPhone.Deploy.0 = Debug|Any CPU
		{F24C4E6C-66FE-4D88-B284-188B58FF8780}.Debug|iPhoneSimulator.ActiveCfg = Debug|Any CPU
		{F24C4E6C-66FE-4D88-B284-188B58FF8780}.Debug|iPhoneSimulator.Build.0 = Debug|Any CPU
		{F24C4E6C-66FE-4D88-B284-188B58FF8780}.Debug|iPhoneSimulator.Deploy.0 = Debug|Any CPU
		{F24C4E6C-66FE-4D88-B284-188B58FF8780}.Release|Any CPU.ActiveCfg = Release|Any CPU
		{F24C4E6C-66FE-4D88-B284-188B58FF8780}.Release|Any CPU.Build.0 = Release|Any CPU
		{F24C4E6C-66FE-4D88-B284-188B58FF8780}.Release|Any CPU.Deploy.0 = Release|Any CPU
		{F24C4E6C-66FE-4D88-B284-188B58FF8780}.Release|iPhone.ActiveCfg = Release|Any CPU
		{F24C4E6C-66FE-4D88-B284-188B58FF8780}.Release|iPhone.Build.0 = Release|Any CPU
		{F24C4E6C-66FE-4D88-B284-188B58FF8780}.Release|iPhone.Deploy.0 = Release|Any CPU
		{F24C4E6C-66FE-4D88-B284-188B58FF8780}.Release|iPhoneSimulator.ActiveCfg = Release|Any CPU
		{F24C4E6C-66FE-4D88-B284-188B58FF8780}.Release|iPhoneSimulator.Build.0 = Release|Any CPU
		{F24C4E6C-66FE-4D88-B284-188B58FF8780}.Release|iPhoneSimulator.Deploy.0 = Release|Any CPU
		{A66B6981-7FBC-479E-A363-5E8ED05FC5EC}.Debug|Any CPU.ActiveCfg = Debug|iPhone
		{A66B6981-7FBC-479E-A363-5E8ED05FC5EC}.Debug|Any CPU.Build.0 = Debug|iPhone
		{A66B6981-7FBC-479E-A363-5E8ED05FC5EC}.Debug|Any CPU.Deploy.0 = Debug|iPhone
		{A66B6981-7FBC-479E-A363-5E8ED05FC5EC}.Debug|iPhone.ActiveCfg = Debug|iPhone
		{A66B6981-7FBC-479E-A363-5E8ED05FC5EC}.Debug|iPhone.Build.0 = Debug|iPhone
		{A66B6981-7FBC-479E-A363-5E8ED05FC5EC}.Debug|iPhone.Deploy.0 = Debug|iPhone
		{A66B6981-7FBC-479E-A363-5E8ED05FC5EC}.Debug|iPhoneSimulator.ActiveCfg = Debug|iPhoneSimulator
		{A66B6981-7FBC-479E-A363-5E8ED05FC5EC}.Debug|iPhoneSimulator.Build.0 = Debug|iPhoneSimulator
		{A66B6981-7FBC-479E-A363-5E8ED05FC5EC}.Debug|iPhoneSimulator.Deploy.0 = Debug|iPhoneSimulator
		{A66B6981-7FBC-479E-A363-5E8ED05FC5EC}.Release|Any CPU.ActiveCfg = Release|iPhoneSimulator
		{A66B6981-7FBC-479E-A363-5E8ED05FC5EC}.Release|Any CPU.Build.0 = Release|iPhoneSimulator
		{A66B6981-7FBC-479E-A363-5E8ED05FC5EC}.Release|Any CPU.Deploy.0 = Release|iPhoneSimulator
		{A66B6981-7FBC-479E-A363-5E8ED05FC5EC}.Release|iPhone.ActiveCfg = Release|iPhone
		{A66B6981-7FBC-479E-A363-5E8ED05FC5EC}.Release|iPhone.Build.0 = Release|iPhone
		{A66B6981-7FBC-479E-A363-5E8ED05FC5EC}.Release|iPhone.Deploy.0 = Release|iPhone
		{A66B6981-7FBC-479E-A363-5E8ED05FC5EC}.Release|iPhoneSimulator.ActiveCfg = Release|iPhoneSimulator
		{A66B6981-7FBC-479E-A363-5E8ED05FC5EC}.Release|iPhoneSimulator.Build.0 = Release|iPhoneSimulator
		{A66B6981-7FBC-479E-A363-5E8ED05FC5EC}.Release|iPhoneSimulator.Deploy.0 = Release|iPhoneSimulator
		{F469C749-1AFC-4827-8923-45456A70EE18}.Debug|Any CPU.ActiveCfg = Debug|Any CPU
		{F469C749-1AFC-4827-8923-45456A70EE18}.Debug|Any CPU.Build.0 = Debug|Any CPU
		{F469C749-1AFC-4827-8923-45456A70EE18}.Debug|Any CPU.Deploy.0 = Debug|Any CPU
		{F469C749-1AFC-4827-8923-45456A70EE18}.Debug|iPhone.ActiveCfg = Debug|Any CPU
		{F469C749-1AFC-4827-8923-45456A70EE18}.Debug|iPhone.Build.0 = Debug|Any CPU
		{F469C749-1AFC-4827-8923-45456A70EE18}.Debug|iPhone.Deploy.0 = Debug|Any CPU
		{F469C749-1AFC-4827-8923-45456A70EE18}.Debug|iPhoneSimulator.ActiveCfg = Debug|Any CPU
		{F469C749-1AFC-4827-8923-45456A70EE18}.Debug|iPhoneSimulator.Build.0 = Debug|Any CPU
		{F469C749-1AFC-4827-8923-45456A70EE18}.Debug|iPhoneSimulator.Deploy.0 = Debug|Any CPU
		{F469C749-1AFC-4827-8923-45456A70EE18}.Release|Any CPU.ActiveCfg = Release|Any CPU
		{F469C749-1AFC-4827-8923-45456A70EE18}.Release|Any CPU.Build.0 = Release|Any CPU
		{F469C749-1AFC-4827-8923-45456A70EE18}.Release|Any CPU.Deploy.0 = Release|Any CPU
		{F469C749-1AFC-4827-8923-45456A70EE18}.Release|iPhone.ActiveCfg = Release|Any CPU
		{F469C749-1AFC-4827-8923-45456A70EE18}.Release|iPhone.Build.0 = Release|Any CPU
		{F469C749-1AFC-4827-8923-45456A70EE18}.Release|iPhone.Deploy.0 = Release|Any CPU
		{F469C749-1AFC-4827-8923-45456A70EE18}.Release|iPhoneSimulator.ActiveCfg = Release|Any CPU
		{F469C749-1AFC-4827-8923-45456A70EE18}.Release|iPhoneSimulator.Build.0 = Release|Any CPU
		{F469C749-1AFC-4827-8923-45456A70EE18}.Release|iPhoneSimulator.Deploy.0 = Release|Any CPU
	EndGlobalSection
	GlobalSection(SolutionProperties) = preSolution
		HideSolutionNode = FALSE
	EndGlobalSection
	GlobalSection(ExtensibilityGlobals) = postSolution
		SolutionGuid = {9A658FA3-ADBB-4721-BCEC-B1D5F3F9A01E}
	EndGlobalSection
EndGlobal
